
Microsoft Visual Studio Solution File, Format Version 12.00
# Visual Studio 15
VisualStudioVersion = 15.0.28307.1022
MinimumVisualStudioVersion = 10.0.40219.1
Project("{9A19103F-16F7-4668-BE54-9A1E7A4F7556}") = "WebApi_IDServer4", "WebApi_IDServer4\WebApi_IDServer4.csproj", "{51CF5EE3-B7DB-4F8E-ADBB-E155DC3A17B1}"
EndProject
Project("{9A19103F-16F7-4668-BE54-9A1E7A4F7556}") = "WebApi_IDServer4.IDServer", "WebApi_IDServer4.IDServer\WebApi_IDServer4.IDServer.csproj", "{6F4EF937-21F1-4CD0-8175-A1E594C55EFB}"
EndProject
Project("{9A19103F-16F7-4668-BE54-9A1E7A4F7556}") = "WebApi_IDServer4.Console_Client", "WebApi_IDServer4.Console_Client\WebApi_IDServer4.Console_Client.csproj", "{2DC9B47F-B879-42CA-A79E-B52639081284}"
EndProject
Project("{FAE04EC0-301F-11D3-BF4B-00C04F79EFBC}") = "WebApi_IDServer4.MvcClient", "WebApi_IDServer4.MvcClient\WebApi_IDServer4.MvcClient.csproj", "{DEFDCE32-2463-44B6-8098-298F886A4314}"
EndProject
Global
	GlobalSection(SolutionConfigurationPlatforms) = preSolution
		Debug|Any CPU = Debug|Any CPU
		Release|Any CPU = Release|Any CPU
	EndGlobalSection
	GlobalSection(ProjectConfigurationPlatforms) = postSolution
		{51CF5EE3-B7DB-4F8E-ADBB-E155DC3A17B1}.Debug|Any CPU.ActiveCfg = Debug|Any CPU
		{51CF5EE3-B7DB-4F8E-ADBB-E155DC3A17B1}.Debug|Any CPU.Build.0 = Debug|Any CPU
		{51CF5EE3-B7DB-4F8E-ADBB-E155DC3A17B1}.Release|Any CPU.ActiveCfg = Release|Any CPU
		{51CF5EE3-B7DB-4F8E-ADBB-E155DC3A17B1}.Release|Any CPU.Build.0 = Release|Any CPU
		{6F4EF937-21F1-4CD0-8175-A1E594C55EFB}.Debug|Any CPU.ActiveCfg = Debug|Any CPU
		{6F4EF937-21F1-4CD0-8175-A1E594C55EFB}.Debug|Any CPU.Build.0 = Debug|Any CPU
		{6F4EF937-21F1-4CD0-8175-A1E594C55EFB}.Release|Any CPU.ActiveCfg = Release|Any CPU
		{6F4EF937-21F1-4CD0-8175-A1E594C55EFB}.Release|Any CPU.Build.0 = Release|Any CPU
		{2DC9B47F-B879-42CA-A79E-B52639081284}.Debug|Any CPU.ActiveCfg = Debug|Any CPU
		{2DC9B47F-B879-42CA-A79E-B52639081284}.Debug|Any CPU.Build.0 = Debug|Any CPU
		{2DC9B47F-B879-42CA-A79E-B52639081284}.Release|Any CPU.ActiveCfg = Release|Any CPU
		{2DC9B47F-B879-42CA-A79E-B52639081284}.Release|Any CPU.Build.0 = Release|Any CPU
		{DEFDCE32-2463-44B6-8098-298F886A4314}.Debug|Any CPU.ActiveCfg = Debug|Any CPU
		{DEFDCE32-2463-44B6-8098-298F886A4314}.Debug|Any CPU.Build.0 = Debug|Any CPU
		{DEFDCE32-2463-44B6-8098-298F886A4314}.Release|Any CPU.ActiveCfg = Release|Any CPU
		{DEFDCE32-2463-44B6-8098-298F886A4314}.Release|Any CPU.Build.0 = Release|Any CPU
	EndGlobalSection
	GlobalSection(SolutionProperties) = preSolution
		HideSolutionNode = FALSE
	EndGlobalSection
	GlobalSection(ExtensibilityGlobals) = postSolution
		SolutionGuid = {5D6AA39A-AEE1-4581-92C8-CFDD1366864A}
	EndGlobalSection
EndGlobal
